{
  "name": "typescript",
  "version": "1.0.0",
  "lockfileVersion": 2,
  "requires": true,
  "packages": {
    "": {
      "name": "typescript",
      "version": "1.0.0",
      "license": "ISC",
      "dependencies": {
        "@datastructures-js/binary-search-tree": "^5.3.1",
        "@rmanibus/binary-search-tree": "^0.3.3",
        "process.args": "^0.1.1"
      },
      "devDependencies": {
        "@types/node": "^18.11.19"
      }
    },
    "node_modules/@datastructures-js/binary-search-tree": {
      "version": "5.3.1",
      "resolved": "https://registry.npmjs.org/@datastructures-js/binary-search-tree/-/binary-search-tree-5.3.1.tgz",
      "integrity": "sha512-FgNcahe8U9yaofirAzXUs+gLhR+z6sQgAKnIjdGyBLLemFhrsqyJIHyWxnGWtekELbH9XAUJ8/WezNYNDtPetA=="
    },
    "node_modules/@rmanibus/binary-search-tree": {
      "version": "0.3.3",
      "resolved": "https://registry.npmjs.org/@rmanibus/binary-search-tree/-/binary-search-tree-0.3.3.tgz",
      "integrity": "sha512-qdnZHXYyq+MXLxzHNM1Rl+t7lDhkkvlXs/kobE344zph03BSEvIPxwxoAbtq/OhkVVIFL/JnW1iGpIJK/dSHcQ==",
      "dependencies": {
        "underscore": "^1.13"
      }
    },
    "node_modules/@types/node": {
      "version": "18.11.19",
      "resolved": "https://registry.npmjs.org/@types/node/-/node-18.11.19.tgz",
      "integrity": "sha512-YUgMWAQBWLObABqrvx8qKO1enAvBUdjZOAWQ5grBAkp5LQv45jBvYKZ3oFS9iKRCQyFjqw6iuEa1vmFqtxYLZw==",
      "dev": true
    },
    "node_modules/process.args": {
      "version": "0.1.1",
      "resolved": "https://registry.npmjs.org/process.args/-/process.args-0.1.1.tgz",
      "integrity": "sha512-gd4QtHrJOdv4tkIj4UqsJ4L0hRAJZyVLCH/BkVLkTjG/qo3idBqIaK2E5TzYqoKI+33Oz1XXw4ZDLnXHIbpP4w=="
    },
    "node_modules/underscore": {
      "version": "1.13.6",
      "resolved": "https://registry.npmjs.org/underscore/-/underscore-1.13.6.tgz",
      "integrity": "sha512-+A5Sja4HP1M08MaXya7p5LvjuM7K6q/2EaC0+iovj/wOcMsTzMvDFbasi/oSapiwOlt252IqsKqPjCl7huKS0A=="
    }
  },
  "dependencies": {
    "@datastructures-js/binary-search-tree": {
      "version": "5.3.1",
      "resolved": "https://registry.npmjs.org/@datastructures-js/binary-search-tree/-/binary-search-tree-5.3.1.tgz",
      "integrity": "sha512-FgNcahe8U9yaofirAzXUs+gLhR+z6sQgAKnIjdGyBLLemFhrsqyJIHyWxnGWtekELbH9XAUJ8/WezNYNDtPetA=="
    },
    "@rmanibus/binary-search-tree": {
      "version": "0.3.3",
      "resolved": "https://registry.npmjs.org/@rmanibus/binary-search-tree/-/binary-search-tree-0.3.3.tgz",
      "integrity": "sha512-qdnZHXYyq+MXLxzHNM1Rl+t7lDhkkvlXs/kobE344zph03BSEvIPxwxoAbtq/OhkVVIFL/JnW1iGpIJK/dSHcQ==",
      "requires": {
        "underscore": "^1.13"
      }
    },
    "@types/node": {
      "version": "18.11.19",
      "resolved": "https://registry.npmjs.org/@types/node/-/node-18.11.19.tgz",
      "integrity": "sha512-YUgMWAQBWLObABqrvx8qKO1enAvBUdjZOAWQ5grBAkp5LQv45jBvYKZ3oFS9iKRCQyFjqw6iuEa1vmFqtxYLZw==",
      "dev": true
    },
    "process.args": {
      "version": "0.1.1",
      "resolved": "https://registry.npmjs.org/process.args/-/process.args-0.1.1.tgz",
      "integrity": "sha512-gd4QtHrJOdv4tkIj4UqsJ4L0hRAJZyVLCH/BkVLkTjG/qo3idBqIaK2E5TzYqoKI+33Oz1XXw4ZDLnXHIbpP4w=="
    },
    "underscore": {
      "version": "1.13.6",
      "resolved": "https://registry.npmjs.org/underscore/-/underscore-1.13.6.tgz",
      "integrity": "sha512-+A5Sja4HP1M08MaXya7p5LvjuM7K6q/2EaC0+iovj/wOcMsTzMvDFbasi/oSapiwOlt252IqsKqPjCl7huKS0A=="
    }
  }
}
